
Microsoft Visual Studio Solution File, Format Version 12.00
# Visual Studio 15
VisualStudioVersion = 15.0.27004.2006
MinimumVisualStudioVersion = 10.0.40219.1
Project("{FAE04EC0-301F-11D3-BF4B-00C04F79EFBC}") = "BaseDato1", "BaseDato1\BaseDato1.csproj", "{081724F1-1A66-4A69-B032-241E1E17A53B}"
EndProject
Project("{FAE04EC0-301F-11D3-BF4B-00C04F79EFBC}") = "Servicios", "Servicios\Servicios.csproj", "{29FD69B0-B69B-4F53-821D-1A1E5451D89D}"
EndProject
Project("{FAE04EC0-301F-11D3-BF4B-00C04F79EFBC}") = "WebSystem", "WebSystem\WebSystem.csproj", "{D18BF726-65C8-4FDE-9E6B-C86CCEA3BA47}"
EndProject
Global
	GlobalSection(SolutionConfigurationPlatforms) = preSolution
		Debug|Any CPU = Debug|Any CPU
		Release|Any CPU = Release|Any CPU
	EndGlobalSection
	GlobalSection(ProjectConfigurationPlatforms) = postSolution
		{081724F1-1A66-4A69-B032-241E1E17A53B}.Debug|Any CPU.ActiveCfg = Debug|Any CPU
		{081724F1-1A66-4A69-B032-241E1E17A53B}.Debug|Any CPU.Build.0 = Debug|Any CPU
		{081724F1-1A66-4A69-B032-241E1E17A53B}.Release|Any CPU.ActiveCfg = Release|Any CPU
		{081724F1-1A66-4A69-B032-241E1E17A53B}.Release|Any CPU.Build.0 = Release|Any CPU
		{29FD69B0-B69B-4F53-821D-1A1E5451D89D}.Debug|Any CPU.ActiveCfg = Debug|Any CPU
		{29FD69B0-B69B-4F53-821D-1A1E5451D89D}.Debug|Any CPU.Build.0 = Debug|Any CPU
		{29FD69B0-B69B-4F53-821D-1A1E5451D89D}.Release|Any CPU.ActiveCfg = Release|Any CPU
		{29FD69B0-B69B-4F53-821D-1A1E5451D89D}.Release|Any CPU.Build.0 = Release|Any CPU
		{D18BF726-65C8-4FDE-9E6B-C86CCEA3BA47}.Debug|Any CPU.ActiveCfg = Debug|Any CPU
		{D18BF726-65C8-4FDE-9E6B-C86CCEA3BA47}.Debug|Any CPU.Build.0 = Debug|Any CPU
		{D18BF726-65C8-4FDE-9E6B-C86CCEA3BA47}.Release|Any CPU.ActiveCfg = Release|Any CPU
		{D18BF726-65C8-4FDE-9E6B-C86CCEA3BA47}.Release|Any CPU.Build.0 = Release|Any CPU
	EndGlobalSection
	GlobalSection(SolutionProperties) = preSolution
		HideSolutionNode = FALSE
	EndGlobalSection
	GlobalSection(ExtensibilityGlobals) = postSolution
		SolutionGuid = {5650D300-0150-4148-8DF1-0EFEC8FA9927}
	EndGlobalSection
EndGlobal
